// !$*UTF8*$!
{
	archiveVersion = 1;
	classes = {
	};
	objectVersion = 56;
	objects = {

/* Begin PBXBuildFile section */
		460C38BA2A51417D00A0E4E2 /* CourseList.swift in Sources */ = {isa = PBXBuildFile; fileRef = 460C38B92A51417D00A0E4E2 /* CourseList.swift */; };
		467057892A546A9A001AE7A5 /* LoginView.swift in Sources */ = {isa = PBXBuildFile; fileRef = 467057882A546A9A001AE7A5 /* LoginView.swift */; };
		469650D02A4B197F00C8B21A /* SwiftUI1_0App.swift in Sources */ = {isa = PBXBuildFile; fileRef = 469650CF2A4B197F00C8B21A /* SwiftUI1_0App.swift */; };
		469650D22A4B197F00C8B21A /* ContentView.swift in Sources */ = {isa = PBXBuildFile; fileRef = 469650D12A4B197F00C8B21A /* ContentView.swift */; };
		469650D42A4B198000C8B21A /* Assets.xcassets in Resources */ = {isa = PBXBuildFile; fileRef = 469650D32A4B198000C8B21A /* Assets.xcassets */; };
		469650D72A4B198000C8B21A /* Preview Assets.xcassets in Resources */ = {isa = PBXBuildFile; fileRef = 469650D62A4B198000C8B21A /* Preview Assets.xcassets */; };
		469B6A192A4F09C200F1CFD3 /* RingView.swift in Sources */ = {isa = PBXBuildFile; fileRef = 469B6A182A4F09C200F1CFD3 /* RingView.swift */; };
		46BEB7402A4DC21C001E0473 /* Home.swift in Sources */ = {isa = PBXBuildFile; fileRef = 46BEB73F2A4DC21C001E0473 /* Home.swift */; };
		46BEB7422A4DCC2D001E0473 /* HomeView.swift in Sources */ = {isa = PBXBuildFile; fileRef = 46BEB7412A4DCC2D001E0473 /* HomeView.swift */; };
		46BEB7442A4DDBFC001E0473 /* UpdateList.swift in Sources */ = {isa = PBXBuildFile; fileRef = 46BEB7432A4DDBFC001E0473 /* UpdateList.swift */; };
		46BEB7462A4DDEA8001E0473 /* UpdateDetail.swift in Sources */ = {isa = PBXBuildFile; fileRef = 46BEB7452A4DDEA8001E0473 /* UpdateDetail.swift */; };
		46BEB7482A4DE080001E0473 /* UpdateStore.swift in Sources */ = {isa = PBXBuildFile; fileRef = 46BEB7472A4DE080001E0473 /* UpdateStore.swift */; };
		46BEB74A2A4DE470001E0473 /* TabBar.swift in Sources */ = {isa = PBXBuildFile; fileRef = 46BEB7492A4DE470001E0473 /* TabBar.swift */; };
		46D04B1C2A532A60004C4649 /* Buttons.swift in Sources */ = {isa = PBXBuildFile; fileRef = 46D04B1B2A532A60004C4649 /* Buttons.swift */; };
		46D41BDB2A4F22D9006572B9 /* Modifier.swift in Sources */ = {isa = PBXBuildFile; fileRef = 46D41BDA2A4F22D9006572B9 /* Modifier.swift */; };
		46D41BDD2A4F2491006572B9 /* Work_Sans in Resources */ = {isa = PBXBuildFile; fileRef = 46D41BDC2A4F2490006572B9 /* Work_Sans */; };
		46E773002A4C8BAD008C2B09 /* MenuView.swift in Sources */ = {isa = PBXBuildFile; fileRef = 46E772FF2A4C8BAD008C2B09 /* MenuView.swift */; };
		46EDA95D2A51C3F400987EBD /* CourseDetail.swift in Sources */ = {isa = PBXBuildFile; fileRef = 46EDA95C2A51C3F400987EBD /* CourseDetail.swift */; };
		46EDA9662A51CEE100987EBD /* BlurView.swift in Sources */ = {isa = PBXBuildFile; fileRef = 46EDA9652A51CEE100987EBD /* BlurView.swift */; };
		46FA1ACD2A571CB000CC50B6 /* Lottie in Frameworks */ = {isa = PBXBuildFile; productRef = 46FA1ACC2A571CB000CC50B6 /* Lottie */; };
		46FA1AD12A571CDE00CC50B6 /* LottieView.swift in Sources */ = {isa = PBXBuildFile; fileRef = 46FA1AD02A571CDE00CC50B6 /* LottieView.swift */; };
		46FA1AD32A571E1A00CC50B6 /* LoadingView.swift in Sources */ = {isa = PBXBuildFile; fileRef = 46FA1AD22A571E1A00CC50B6 /* LoadingView.swift */; };
		46FA1ADD2A5722F700CC50B6 /* loading.json in Resources */ = {isa = PBXBuildFile; fileRef = 46FA1ADB2A5722EB00CC50B6 /* loading.json */; };
		46FA1ADE2A5722F700CC50B6 /* success.json in Resources */ = {isa = PBXBuildFile; fileRef = 46FA1ADC2A5722EC00CC50B6 /* success.json */; };
/* End PBXBuildFile section */

/* Begin PBXFileReference section */
		460C38B92A51417D00A0E4E2 /* CourseList.swift */ = {isa = PBXFileReference; lastKnownFileType = sourcecode.swift; path = CourseList.swift; sourceTree = "<group>"; };
		467057882A546A9A001AE7A5 /* LoginView.swift */ = {isa = PBXFileReference; lastKnownFileType = sourcecode.swift; path = LoginView.swift; sourceTree = "<group>"; };
		469650CC2A4B197F00C8B21A /* SwiftUI1.0.app */ = {isa = PBXFileReference; explicitFileType = wrapper.application; includeInIndex = 0; path = SwiftUI1.0.app; sourceTree = BUILT_PRODUCTS_DIR; };
		469650CF2A4B197F00C8B21A /* SwiftUI1_0App.swift */ = {isa = PBXFileReference; lastKnownFileType = sourcecode.swift; path = SwiftUI1_0App.swift; sourceTree = "<group>"; };
		469650D12A4B197F00C8B21A /* ContentView.swift */ = {isa = PBXFileReference; lastKnownFileType = sourcecode.swift; path = ContentView.swift; sourceTree = "<group>"; };
		469650D32A4B198000C8B21A /* Assets.xcassets */ = {isa = PBXFileReference; lastKnownFileType = folder.assetcatalog; path = Assets.xcassets; sourceTree = "<group>"; };
		469650D62A4B198000C8B21A /* Preview Assets.xcassets */ = {isa = PBXFileReference; lastKnownFileType = folder.assetcatalog; path = "Preview Assets.xcassets"; sourceTree = "<group>"; };
		469B6A182A4F09C200F1CFD3 /* RingView.swift */ = {isa = PBXFileReference; lastKnownFileType = sourcecode.swift; path = RingView.swift; sourceTree = "<group>"; };
		46BEB73F2A4DC21C001E0473 /* Home.swift */ = {isa = PBXFileReference; lastKnownFileType = sourcecode.swift; path = Home.swift; sourceTree = "<group>"; };
		46BEB7412A4DCC2D001E0473 /* HomeView.swift */ = {isa = PBXFileReference; lastKnownFileType = sourcecode.swift; path = HomeView.swift; sourceTree = "<group>"; };
		46BEB7432A4DDBFC001E0473 /* UpdateList.swift */ = {isa = PBXFileReference; lastKnownFileType = sourcecode.swift; path = UpdateList.swift; sourceTree = "<group>"; };
		46BEB7452A4DDEA8001E0473 /* UpdateDetail.swift */ = {isa = PBXFileReference; lastKnownFileType = sourcecode.swift; path = UpdateDetail.swift; sourceTree = "<group>"; };
		46BEB7472A4DE080001E0473 /* UpdateStore.swift */ = {isa = PBXFileReference; lastKnownFileType = sourcecode.swift; path = UpdateStore.swift; sourceTree = "<group>"; };
		46BEB7492A4DE470001E0473 /* TabBar.swift */ = {isa = PBXFileReference; lastKnownFileType = sourcecode.swift; path = TabBar.swift; sourceTree = "<group>"; };
		46D04B1B2A532A60004C4649 /* Buttons.swift */ = {isa = PBXFileReference; fileEncoding = 4; lastKnownFileType = sourcecode.swift; path = Buttons.swift; sourceTree = "<group>"; };
		46D41BDA2A4F22D9006572B9 /* Modifier.swift */ = {isa = PBXFileReference; lastKnownFileType = sourcecode.swift; path = Modifier.swift; sourceTree = "<group>"; };
		46D41BDC2A4F2490006572B9 /* Work_Sans */ = {isa = PBXFileReference; lastKnownFileType = folder; path = Work_Sans; sourceTree = "<group>"; };
		46D41BDE2A4F24A7006572B9 /* SwiftUI1-0-Info.plist */ = {isa = PBXFileReference; lastKnownFileType = text.plist; path = "SwiftUI1-0-Info.plist"; sourceTree = SOURCE_ROOT; };
		46E772FF2A4C8BAD008C2B09 /* MenuView.swift */ = {isa = PBXFileReference; lastKnownFileType = sourcecode.swift; path = MenuView.swift; sourceTree = "<group>"; };
		46EDA95C2A51C3F400987EBD /* CourseDetail.swift */ = {isa = PBXFileReference; lastKnownFileType = sourcecode.swift; path = CourseDetail.swift; sourceTree = "<group>"; };
		46EDA9652A51CEE100987EBD /* BlurView.swift */ = {isa = PBXFileReference; lastKnownFileType = sourcecode.swift; path = BlurView.swift; sourceTree = "<group>"; };
		46FA1AD02A571CDE00CC50B6 /* LottieView.swift */ = {isa = PBXFileReference; lastKnownFileType = sourcecode.swift; path = LottieView.swift; sourceTree = "<group>"; };
		46FA1AD22A571E1A00CC50B6 /* LoadingView.swift */ = {isa = PBXFileReference; lastKnownFileType = sourcecode.swift; path = LoadingView.swift; sourceTree = "<group>"; };
		46FA1ADB2A5722EB00CC50B6 /* loading.json */ = {isa = PBXFileReference; lastKnownFileType = text.json; path = loading.json; sourceTree = "<group>"; };
		46FA1ADC2A5722EC00CC50B6 /* success.json */ = {isa = PBXFileReference; lastKnownFileType = text.json; path = success.json; sourceTree = "<group>"; };
/* End PBXFileReference section */

/* Begin PBXFrameworksBuildPhase section */
		469650C92A4B197F00C8B21A /* Frameworks */ = {
			isa = PBXFrameworksBuildPhase;
			buildActionMask = 2147483647;
			files = (
				46FA1ACD2A571CB000CC50B6 /* Lottie in Frameworks */,
			);
			runOnlyForDeploymentPostprocessing = 0;
		};
/* End PBXFrameworksBuildPhase section */

/* Begin PBXGroup section */
		469650C32A4B197F00C8B21A = {
			isa = PBXGroup;
			children = (
				469650CE2A4B197F00C8B21A /* SwiftUI1.0 */,
				469650CD2A4B197F00C8B21A /* Products */,
			);
			sourceTree = "<group>";
		};
		469650CD2A4B197F00C8B21A /* Products */ = {
			isa = PBXGroup;
			children = (
				469650CC2A4B197F00C8B21A /* SwiftUI1.0.app */,
			);
			name = Products;
			sourceTree = "<group>";
		};
		469650CE2A4B197F00C8B21A /* SwiftUI1.0 */ = {
			isa = PBXGroup;
			children = (
				46D41BDE2A4F24A7006572B9 /* SwiftUI1-0-Info.plist */,
				469650CF2A4B197F00C8B21A /* SwiftUI1_0App.swift */,
				469650D12A4B197F00C8B21A /* ContentView.swift */,
				46E772FF2A4C8BAD008C2B09 /* MenuView.swift */,
				46BEB73F2A4DC21C001E0473 /* Home.swift */,
				46EDA95C2A51C3F400987EBD /* CourseDetail.swift */,
				46EDA9652A51CEE100987EBD /* BlurView.swift */,
				460C38B92A51417D00A0E4E2 /* CourseList.swift */,
				469B6A182A4F09C200F1CFD3 /* RingView.swift */,
				46BEB7412A4DCC2D001E0473 /* HomeView.swift */,
				46D41BDA2A4F22D9006572B9 /* Modifier.swift */,
				46BEB7432A4DDBFC001E0473 /* UpdateList.swift */,
				46D04B1B2A532A60004C4649 /* Buttons.swift */,
				467057882A546A9A001AE7A5 /* LoginView.swift */,
				46FA1AD02A571CDE00CC50B6 /* LottieView.swift */,
				46FA1AD22A571E1A00CC50B6 /* LoadingView.swift */,
				46FA1ADB2A5722EB00CC50B6 /* loading.json */,
				46FA1ADC2A5722EC00CC50B6 /* success.json */,
				46BEB7492A4DE470001E0473 /* TabBar.swift */,
				46BEB7452A4DDEA8001E0473 /* UpdateDetail.swift */,
				46BEB7472A4DE080001E0473 /* UpdateStore.swift */,
				46D41BDC2A4F2490006572B9 /* Work_Sans */,
				469650D32A4B198000C8B21A /* Assets.xcassets */,
				469650D52A4B198000C8B21A /* Preview Content */,
			);
			path = SwiftUI1.0;
			sourceTree = "<group>";
		};
		469650D52A4B198000C8B21A /* Preview Content */ = {
			isa = PBXGroup;
			children = (
				469650D62A4B198000C8B21A /* Preview Assets.xcassets */,
			);
			path = "Preview Content";
			sourceTree = "<group>";
		};
/* End PBXGroup section */

/* Begin PBXNativeTarget section */
		469650CB2A4B197F00C8B21A /* SwiftUI1.0 */ = {
			isa = PBXNativeTarget;
			buildConfigurationList = 469650DA2A4B198000C8B21A /* Build configuration list for PBXNativeTarget "SwiftUI1.0" */;
			buildPhases = (
				469650C82A4B197F00C8B21A /* Sources */,
				469650C92A4B197F00C8B21A /* Frameworks */,
				469650CA2A4B197F00C8B21A /* Resources */,
			);
			buildRules = (
			);
			dependencies = (
			);
			name = SwiftUI1.0;
			packageProductDependencies = (
				46FA1ACC2A571CB000CC50B6 /* Lottie */,
			);
			productName = SwiftUI1.0;
			productReference = 469650CC2A4B197F00C8B21A /* SwiftUI1.0.app */;
			productType = "com.apple.product-type.application";
		};
/* End PBXNativeTarget section */

/* Begin PBXProject section */
		469650C42A4B197F00C8B21A /* Project object */ = {
			isa = PBXProject;
			attributes = {
				BuildIndependentTargetsInParallel = 1;
				LastSwiftUpdateCheck = 1430;
				LastUpgradeCheck = 1430;
				TargetAttributes = {
					469650CB2A4B197F00C8B21A = {
						CreatedOnToolsVersion = 14.3.1;
					};
				};
			};
			buildConfigurationList = 469650C72A4B197F00C8B21A /* Build configuration list for PBXProject "SwiftUI1.0" */;
			compatibilityVersion = "Xcode 14.0";
			developmentRegion = en;
			hasScannedForEncodings = 0;
			knownRegions = (
				en,
				Base,
			);
			mainGroup = 469650C32A4B197F00C8B21A;
			packageReferences = (
				46FA1ACB2A571CB000CC50B6 /* XCRemoteSwiftPackageReference "lottie-ios" */,
			);
			productRefGroup = 469650CD2A4B197F00C8B21A /* Products */;
			projectDirPath = "";
			projectRoot = "";
			targets = (
				469650CB2A4B197F00C8B21A /* SwiftUI1.0 */,
			);
		};
/* End PBXProject section */

/* Begin PBXResourcesBuildPhase section */
		469650CA2A4B197F00C8B21A /* Resources */ = {
			isa = PBXResourcesBuildPhase;
			buildActionMask = 2147483647;
			files = (
				46FA1ADD2A5722F700CC50B6 /* loading.json in Resources */,
				46FA1ADE2A5722F700CC50B6 /* success.json in Resources */,
				469650D72A4B198000C8B21A /* Preview Assets.xcassets in Resources */,
				469650D42A4B198000C8B21A /* Assets.xcassets in Resources */,
				46D41BDD2A4F2491006572B9 /* Work_Sans in Resources */,
			);
			runOnlyForDeploymentPostprocessing = 0;
		};
/* End PBXResourcesBuildPhase section */

/* Begin PBXSourcesBuildPhase section */
		469650C82A4B197F00C8B21A /* Sources */ = {
			isa = PBXSourcesBuildPhase;
			buildActionMask = 2147483647;
			files = (
				46D04B1C2A532A60004C4649 /* Buttons.swift in Sources */,
				46FA1AD12A571CDE00CC50B6 /* LottieView.swift in Sources */,
				469B6A192A4F09C200F1CFD3 /* RingView.swift in Sources */,
				46EDA9662A51CEE100987EBD /* BlurView.swift in Sources */,
				46BEB74A2A4DE470001E0473 /* TabBar.swift in Sources */,
				46BEB7462A4DDEA8001E0473 /* UpdateDetail.swift in Sources */,
				469650D22A4B197F00C8B21A /* ContentView.swift in Sources */,
				460C38BA2A51417D00A0E4E2 /* CourseList.swift in Sources */,
				46E773002A4C8BAD008C2B09 /* MenuView.swift in Sources */,
				46BEB7442A4DDBFC001E0473 /* UpdateList.swift in Sources */,
				46D41BDB2A4F22D9006572B9 /* Modifier.swift in Sources */,
				46BEB7482A4DE080001E0473 /* UpdateStore.swift in Sources */,
				46BEB7402A4DC21C001E0473 /* Home.swift in Sources */,
				46EDA95D2A51C3F400987EBD /* CourseDetail.swift in Sources */,
				46BEB7422A4DCC2D001E0473 /* HomeView.swift in Sources */,
				467057892A546A9A001AE7A5 /* LoginView.swift in Sources */,
				469650D02A4B197F00C8B21A /* SwiftUI1_0App.swift in Sources */,
				46FA1AD32A571E1A00CC50B6 /* LoadingView.swift in Sources */,
			);
			runOnlyForDeploymentPostprocessing = 0;
		};
/* End PBXSourcesBuildPhase section */

/* Begin XCBuildConfiguration section */
		469650D82A4B198000C8B21A /* Debug */ = {
			isa = XCBuildConfiguration;
			buildSettings = {
				ALWAYS_SEARCH_USER_PATHS = NO;
				CLANG_ANALYZER_NONNULL = YES;
				CLANG_ANALYZER_NUMBER_OBJECT_CONVERSION = YES_AGGRESSIVE;
				CLANG_CXX_LANGUAGE_STANDARD = "gnu++20";
				CLANG_ENABLE_MODULES = YES;
				CLANG_ENABLE_OBJC_ARC = YES;
				CLANG_ENABLE_OBJC_WEAK = YES;
				CLANG_WARN_BLOCK_CAPTURE_AUTORELEASING = YES;
				CLANG_WARN_BOOL_CONVERSION = YES;
				CLANG_WARN_COMMA = YES;
				CLANG_WARN_CONSTANT_CONVERSION = YES;
				CLANG_WARN_DEPRECATED_OBJC_IMPLEMENTATIONS = YES;
				CLANG_WARN_DIRECT_OBJC_ISA_USAGE = YES_ERROR;
				CLANG_WARN_DOCUMENTATION_COMMENTS = YES;
				CLANG_WARN_EMPTY_BODY = YES;
				CLANG_WARN_ENUM_CONVERSION = YES;
				CLANG_WARN_INFINITE_RECURSION = YES;
				CLANG_WARN_INT_CONVERSION = YES;
				CLANG_WARN_NON_LITERAL_NULL_CONVERSION = YES;
				CLANG_WARN_OBJC_IMPLICIT_RETAIN_SELF = YES;
				CLANG_WARN_OBJC_LITERAL_CONVERSION = YES;
				CLANG_WARN_OBJC_ROOT_CLASS = YES_ERROR;
				CLANG_WARN_QUOTED_INCLUDE_IN_FRAMEWORK_HEADER = YES;
				CLANG_WARN_RANGE_LOOP_ANALYSIS = YES;
				CLANG_WARN_STRICT_PROTOTYPES = YES;
				CLANG_WARN_SUSPICIOUS_MOVE = YES;
				CLANG_WARN_UNGUARDED_AVAILABILITY = YES_AGGRESSIVE;
				CLANG_WARN_UNREACHABLE_CODE = YES;
				CLANG_WARN__DUPLICATE_METHOD_MATCH = YES;
				COPY_PHASE_STRIP = NO;
				DEBUG_INFORMATION_FORMAT = dwarf;
				ENABLE_STRICT_OBJC_MSGSEND = YES;
				ENABLE_TESTABILITY = YES;
				GCC_C_LANGUAGE_STANDARD = gnu11;
				GCC_DYNAMIC_NO_PIC = NO;
				GCC_NO_COMMON_BLOCKS = YES;
				GCC_OPTIMIZATION_LEVEL = 0;
				GCC_PREPROCESSOR_DEFINITIONS = (
					"DEBUG=1",
					"$(inherited)",
				);
				GCC_WARN_64_TO_32_BIT_CONVERSION = YES;
				GCC_WARN_ABOUT_RETURN_TYPE = YES_ERROR;
				GCC_WARN_UNDECLARED_SELECTOR = YES;
				GCC_WARN_UNINITIALIZED_AUTOS = YES_AGGRESSIVE;
				GCC_WARN_UNUSED_FUNCTION = YES;
				GCC_WARN_UNUSED_VARIABLE = YES;
				IPHONEOS_DEPLOYMENT_TARGET = 14.0;
				MTL_ENABLE_DEBUG_INFO = INCLUDE_SOURCE;
				MTL_FAST_MATH = YES;
				ONLY_ACTIVE_ARCH = YES;
				SDKROOT = iphoneos;
				SWIFT_ACTIVE_COMPILATION_CONDITIONS = DEBUG;
				SWIFT_OPTIMIZATION_LEVEL = "-Onone";
			};
			name = Debug;
		};
		469650D92A4B198000C8B21A /* Release */ = {
			isa = XCBuildConfiguration;
			buildSettings = {
				ALWAYS_SEARCH_USER_PATHS = NO;
				CLANG_ANALYZER_NONNULL = YES;
				CLANG_ANALYZER_NUMBER_OBJECT_CONVERSION = YES_AGGRESSIVE;
				CLANG_CXX_LANGUAGE_STANDARD = "gnu++20";
				CLANG_ENABLE_MODULES = YES;
				CLANG_ENABLE_OBJC_ARC = YES;
				CLANG_ENABLE_OBJC_WEAK = YES;
				CLANG_WARN_BLOCK_CAPTURE_AUTORELEASING = YES;
				CLANG_WARN_BOOL_CONVERSION = YES;
				CLANG_WARN_COMMA = YES;
				CLANG_WARN_CONSTANT_CONVERSION = YES;
				CLANG_WARN_DEPRECATED_OBJC_IMPLEMENTATIONS = YES;
				CLANG_WARN_DIRECT_OBJC_ISA_USAGE = YES_ERROR;
				CLANG_WARN_DOCUMENTATION_COMMENTS = YES;
				CLANG_WARN_EMPTY_BODY = YES;
				CLANG_WARN_ENUM_CONVERSION = YES;
				CLANG_WARN_INFINITE_RECURSION = YES;
				CLANG_WARN_INT_CONVERSION = YES;
				CLANG_WARN_NON_LITERAL_NULL_CONVERSION = YES;
				CLANG_WARN_OBJC_IMPLICIT_RETAIN_SELF = YES;
				CLANG_WARN_OBJC_LITERAL_CONVERSION = YES;
				CLANG_WARN_OBJC_ROOT_CLASS = YES_ERROR;
				CLANG_WARN_QUOTED_INCLUDE_IN_FRAMEWORK_HEADER = YES;
				CLANG_WARN_RANGE_LOOP_ANALYSIS = YES;
				CLANG_WARN_STRICT_PROTOTYPES = YES;
				CLANG_WARN_SUSPICIOUS_MOVE = YES;
				CLANG_WARN_UNGUARDED_AVAILABILITY = YES_AGGRESSIVE;
				CLANG_WARN_UNREACHABLE_CODE = YES;
				CLANG_WARN__DUPLICATE_METHOD_MATCH = YES;
				COPY_PHASE_STRIP = NO;
				DEBUG_INFORMATION_FORMAT = "dwarf-with-dsym";
				ENABLE_NS_ASSERTIONS = NO;
				ENABLE_STRICT_OBJC_MSGSEND = YES;
				GCC_C_LANGUAGE_STANDARD = gnu11;
				GCC_NO_COMMON_BLOCKS = YES;
				GCC_WARN_64_TO_32_BIT_CONVERSION = YES;
				GCC_WARN_ABOUT_RETURN_TYPE = YES_ERROR;
				GCC_WARN_UNDECLARED_SELECTOR = YES;
				GCC_WARN_UNINITIALIZED_AUTOS = YES_AGGRESSIVE;
				GCC_WARN_UNUSED_FUNCTION = YES;
				GCC_WARN_UNUSED_VARIABLE = YES;
				IPHONEOS_DEPLOYMENT_TARGET = 14.0;
				MTL_ENABLE_DEBUG_INFO = NO;
				MTL_FAST_MATH = YES;
				SDKROOT = iphoneos;
				SWIFT_COMPILATION_MODE = wholemodule;
				SWIFT_OPTIMIZATION_LEVEL = "-O";
				VALIDATE_PRODUCT = YES;
			};
			name = Release;
		};
		469650DB2A4B198000C8B21A /* Debug */ = {
			isa = XCBuildConfiguration;
			buildSettings = {
				ASSETCATALOG_COMPILER_APPICON_NAME = AppIcon;
				ASSETCATALOG_COMPILER_GLOBAL_ACCENT_COLOR_NAME = AccentColor;
				CODE_SIGN_STYLE = Automatic;
				CURRENT_PROJECT_VERSION = 1;
				DEVELOPMENT_ASSET_PATHS = "\"SwiftUI1.0/Preview Content\"";
				DEVELOPMENT_TEAM = 8PQ3PRCB3U;
				ENABLE_PREVIEWS = YES;
				GENERATE_INFOPLIST_FILE = YES;
				INFOPLIST_FILE = "SwiftUI1-0-Info.plist";
				INFOPLIST_KEY_UIApplicationSceneManifest_Generation = YES;
				INFOPLIST_KEY_UIApplicationSupportsIndirectInputEvents = YES;
				INFOPLIST_KEY_UILaunchScreen_Generation = YES;
				INFOPLIST_KEY_UISupportedInterfaceOrientations_iPad = "UIInterfaceOrientationPortrait UIInterfaceOrientationPortraitUpsideDown UIInterfaceOrientationLandscapeLeft UIInterfaceOrientationLandscapeRight";
				INFOPLIST_KEY_UISupportedInterfaceOrientations_iPhone = "UIInterfaceOrientationPortrait UIInterfaceOrientationLandscapeLeft UIInterfaceOrientationLandscapeRight";
				LD_RUNPATH_SEARCH_PATHS = (
					"$(inherited)",
					"@executable_path/Frameworks",
				);
				MARKETING_VERSION = 1.0;
				PRODUCT_BUNDLE_IDENTIFIER = "com.9OSU1G02.SwiftUI1-0";
				PRODUCT_NAME = "$(TARGET_NAME)";
				SWIFT_EMIT_LOC_STRINGS = YES;
				SWIFT_VERSION = 5.0;
				TARGETED_DEVICE_FAMILY = "1,2";
			};
			name = Debug;
		};
		469650DC2A4B198000C8B21A /* Release */ = {
			isa = XCBuildConfiguration;
			buildSettings = {
				ASSETCATALOG_COMPILER_APPICON_NAME = AppIcon;
				ASSETCATALOG_COMPILER_GLOBAL_ACCENT_COLOR_NAME = AccentColor;
				CODE_SIGN_STYLE = Automatic;
				CURRENT_PROJECT_VERSION = 1;
				DEVELOPMENT_ASSET_PATHS = "\"SwiftUI1.0/Preview Content\"";
				DEVELOPMENT_TEAM = 8PQ3PRCB3U;
				ENABLE_PREVIEWS = YES;
				GENERATE_INFOPLIST_FILE = YES;
				INFOPLIST_FILE = "SwiftUI1-0-Info.plist";
				INFOPLIST_KEY_UIApplicationSceneManifest_Generation = YES;
				INFOPLIST_KEY_UIApplicationSupportsIndirectInputEvents = YES;
				INFOPLIST_KEY_UILaunchScreen_Generation = YES;
				INFOPLIST_KEY_UISupportedInterfaceOrientations_iPad = "UIInterfaceOrientationPortrait UIInterfaceOrientationPortraitUpsideDown UIInterfaceOrientationLandscapeLeft UIInterfaceOrientationLandscapeRight";
				INFOPLIST_KEY_UISupportedInterfaceOrientations_iPhone = "UIInterfaceOrientationPortrait UIInterfaceOrientationLandscapeLeft UIInterfaceOrientationLandscapeRight";
				LD_RUNPATH_SEARCH_PATHS = (
					"$(inherited)",
					"@executable_path/Frameworks",
				);
				MARKETING_VERSION = 1.0;
				PRODUCT_BUNDLE_IDENTIFIER = "com.9OSU1G02.SwiftUI1-0";
				PRODUCT_NAME = "$(TARGET_NAME)";
				SWIFT_EMIT_LOC_STRINGS = YES;
				SWIFT_VERSION = 5.0;
				TARGETED_DEVICE_FAMILY = "1,2";
			};
			name = Release;
		};
/* End XCBuildConfiguration section */

/* Begin XCConfigurationList section */
		469650C72A4B197F00C8B21A /* Build configuration list for PBXProject "SwiftUI1.0" */ = {
			isa = XCConfigurationList;
			buildConfigurations = (
				469650D82A4B198000C8B21A /* Debug */,
				469650D92A4B198000C8B21A /* Release */,
			);
			defaultConfigurationIsVisible = 0;
			defaultConfigurationName = Release;
		};
		469650DA2A4B198000C8B21A /* Build configuration list for PBXNativeTarget "SwiftUI1.0" */ = {
			isa = XCConfigurationList;
			buildConfigurations = (
				469650DB2A4B198000C8B21A /* Debug */,
				469650DC2A4B198000C8B21A /* Release */,
			);
			defaultConfigurationIsVisible = 0;
			defaultConfigurationName = Release;
		};
/* End XCConfigurationList section */

/* Begin XCRemoteSwiftPackageReference section */
		46FA1ACB2A571CB000CC50B6 /* XCRemoteSwiftPackageReference "lottie-ios" */ = {
			isa = XCRemoteSwiftPackageReference;
			repositoryURL = "git@github.com:airbnb/lottie-ios.git";
			requirement = {
				kind = upToNextMajorVersion;
				minimumVersion = 4.0.0;
			};
		};
/* End XCRemoteSwiftPackageReference section */

/* Begin XCSwiftPackageProductDependency section */
		46FA1ACC2A571CB000CC50B6 /* Lottie */ = {
			isa = XCSwiftPackageProductDependency;
			package = 46FA1ACB2A571CB000CC50B6 /* XCRemoteSwiftPackageReference "lottie-ios" */;
			productName = Lottie;
		};
/* End XCSwiftPackageProductDependency section */
	};
	rootObject = 469650C42A4B197F00C8B21A /* Project object */;
}
